
Microsoft Visual Studio Solution File, Format Version 12.00
# Visual Studio 2013
VisualStudioVersion = 12.0.40629.0
MinimumVisualStudioVersion = 10.0.40219.1
Project("{FAE04EC0-301F-11D3-BF4B-00C04F79EFBC}") = "MyMemory.Domain", "MyMemory.Domain\MyMemory.Domain.csproj", "{C38B8F67-EBA3-47E0-9EEA-06AC6CFFB527}"
EndProject
Project("{FAE04EC0-301F-11D3-BF4B-00C04F79EFBC}") = "MyMemory.BLL", "MyMemory.BLL\MyMemory.BLL.csproj", "{C3169326-D64D-4C53-BD07-E15A19216B0A}"
EndProject
Global
	GlobalSection(SolutionConfigurationPlatforms) = preSolution
		Debug|Any CPU = Debug|Any CPU
		Release|Any CPU = Release|Any CPU
	EndGlobalSection
	GlobalSection(ProjectConfigurationPlatforms) = postSolution
		{C38B8F67-EBA3-47E0-9EEA-06AC6CFFB527}.Debug|Any CPU.ActiveCfg = Debug|Any CPU
		{C38B8F67-EBA3-47E0-9EEA-06AC6CFFB527}.Debug|Any CPU.Build.0 = Debug|Any CPU
		{C38B8F67-EBA3-47E0-9EEA-06AC6CFFB527}.Release|Any CPU.ActiveCfg = Release|Any CPU
		{C38B8F67-EBA3-47E0-9EEA-06AC6CFFB527}.Release|Any CPU.Build.0 = Release|Any CPU
		{C3169326-D64D-4C53-BD07-E15A19216B0A}.Debug|Any CPU.ActiveCfg = Debug|Any CPU
		{C3169326-D64D-4C53-BD07-E15A19216B0A}.Debug|Any CPU.Build.0 = Debug|Any CPU
		{C3169326-D64D-4C53-BD07-E15A19216B0A}.Release|Any CPU.ActiveCfg = Release|Any CPU
		{C3169326-D64D-4C53-BD07-E15A19216B0A}.Release|Any CPU.Build.0 = Release|Any CPU
	EndGlobalSection
	GlobalSection(SolutionProperties) = preSolution
		HideSolutionNode = FALSE
	EndGlobalSection
EndGlobal
